# THIS IS AN AUTOGENERATED FILE. DO NOT EDIT THIS FILE DIRECTLY.
# yarn lockfile v1


"@kunstmusik/libsyi@^1.0.0":
  version "1.0.0"
  resolved "https://registry.yarnpkg.com/@kunstmusik/libsyi/-/libsyi-1.0.0.tgz#2d7e3eb6c7dae77c6b4cb6828e3e0ff4e7b25616"
  integrity sha512-H9de55wqTpLbU/cyMpCoQ3R6gZNHdt9wWhvTGYQPItQFLug6V8rwO/I220ny1wPemwWSaYR5KfDWrMVJPosF2Q==
